// !$*UTF8*$!
{
	archiveVersion = 1;
	classes = {
	};
	objectVersion = 46;
	objects = {

/* Begin PBXBuildFile section */
		2E4683AD19DFE437001ECA2E /* main.m in Sources */ = {isa = PBXBuildFile; fileRef = 2E4683AC19DFE437001ECA2E /* main.m */; };
		2E4683B019DFE437001ECA2E /* AppDelegate.m in Sources */ = {isa = PBXBuildFile; fileRef = 2E4683AF19DFE437001ECA2E /* AppDelegate.m */; };
		2E4683B319DFE437001ECA2E /* ViewController.m in Sources */ = {isa = PBXBuildFile; fileRef = 2E4683B219DFE437001ECA2E /* ViewController.m */; };
		2E4683B619DFE437001ECA2E /* Main.storyboard in Resources */ = {isa = PBXBuildFile; fileRef = 2E4683B419DFE437001ECA2E /* Main.storyboard */; };
		2E4683B819DFE437001ECA2E /* Images.xcassets in Resources */ = {isa = PBXBuildFile; fileRef = 2E4683B719DFE437001ECA2E /* Images.xcassets */; };
		2E4683BB19DFE437001ECA2E /* LaunchScreen.xib in Resources */ = {isa = PBXBuildFile; fileRef = 2E4683B919DFE437001ECA2E /* LaunchScreen.xib */; };
		2E4683C719DFE438001ECA2E /* ModalPresentationTests.m in Sources */ = {isa = PBXBuildFile; fileRef = 2E4683C619DFE438001ECA2E /* ModalPresentationTests.m */; };
		2E4683D219DFE60D001ECA2E /* SampleViewController.m in Sources */ = {isa = PBXBuildFile; fileRef = 2E4683D119DFE60D001ECA2E /* SampleViewController.m */; };
		2E4683D619DFEFD3001ECA2E /* UIViewController+NGModalPresentation.m in Sources */ = {isa = PBXBuildFile; fileRef = 2E4683D519DFEFD3001ECA2E /* UIViewController+NGModalPresentation.m */; };
		2E4683D919DFF197001ECA2E /* NGModalTransitioningDelegate.m in Sources */ = {isa = PBXBuildFile; fileRef = 2E4683D819DFF197001ECA2E /* NGModalTransitioningDelegate.m */; };
		2E4683DC19DFF39D001ECA2E /* NGModalAnimationController.m in Sources */ = {isa = PBXBuildFile; fileRef = 2E4683DB19DFF39D001ECA2E /* NGModalAnimationController.m */; };
/* End PBXBuildFile section */

/* Begin PBXContainerItemProxy section */
		2E4683C119DFE437001ECA2E /* PBXContainerItemProxy */ = {
			isa = PBXContainerItemProxy;
			containerPortal = 2E46839F19DFE437001ECA2E /* Project object */;
			proxyType = 1;
			remoteGlobalIDString = 2E4683A619DFE437001ECA2E;
			remoteInfo = ModalPresentation;
		};
/* End PBXContainerItemProxy section */

/* Begin PBXFileReference section */
		2E4683A719DFE437001ECA2E /* ModalPresentation.app */ = {isa = PBXFileReference; explicitFileType = wrapper.application; includeInIndex = 0; path = ModalPresentation.app; sourceTree = BUILT_PRODUCTS_DIR; };
		2E4683AB19DFE437001ECA2E /* Info.plist */ = {isa = PBXFileReference; lastKnownFileType = text.plist.xml; path = Info.plist; sourceTree = "<group>"; };
		2E4683AC19DFE437001ECA2E /* main.m */ = {isa = PBXFileReference; lastKnownFileType = sourcecode.c.objc; path = main.m; sourceTree = "<group>"; };
		2E4683AE19DFE437001ECA2E /* AppDelegate.h */ = {isa = PBXFileReference; lastKnownFileType = sourcecode.c.h; path = AppDelegate.h; sourceTree = "<group>"; };
		2E4683AF19DFE437001ECA2E /* AppDelegate.m */ = {isa = PBXFileReference; lastKnownFileType = sourcecode.c.objc; path = AppDelegate.m; sourceTree = "<group>"; };
		2E4683B119DFE437001ECA2E /* ViewController.h */ = {isa = PBXFileReference; lastKnownFileType = sourcecode.c.h; path = ViewController.h; sourceTree = "<group>"; };
		2E4683B219DFE437001ECA2E /* ViewController.m */ = {isa = PBXFileReference; lastKnownFileType = sourcecode.c.objc; path = ViewController.m; sourceTree = "<group>"; };
		2E4683B519DFE437001ECA2E /* Base */ = {isa = PBXFileReference; lastKnownFileType = file.storyboard; name = Base; path = Base.lproj/Main.storyboard; sourceTree = "<group>"; };
		2E4683B719DFE437001ECA2E /* Images.xcassets */ = {isa = PBXFileReference; lastKnownFileType = folder.assetcatalog; path = Images.xcassets; sourceTree = "<group>"; };
		2E4683BA19DFE437001ECA2E /* Base */ = {isa = PBXFileReference; lastKnownFileType = file.xib; name = Base; path = Base.lproj/LaunchScreen.xib; sourceTree = "<group>"; };
		2E4683C019DFE437001ECA2E /* ModalPresentationTests.xctest */ = {isa = PBXFileReference; explicitFileType = wrapper.cfbundle; includeInIndex = 0; path = ModalPresentationTests.xctest; sourceTree = BUILT_PRODUCTS_DIR; };
		2E4683C519DFE438001ECA2E /* Info.plist */ = {isa = PBXFileReference; lastKnownFileType = text.plist.xml; path = Info.plist; sourceTree = "<group>"; };
		2E4683C619DFE438001ECA2E /* ModalPresentationTests.m */ = {isa = PBXFileReference; lastKnownFileType = sourcecode.c.objc; path = ModalPresentationTests.m; sourceTree = "<group>"; };
		2E4683D019DFE60D001ECA2E /* SampleViewController.h */ = {isa = PBXFileReference; fileEncoding = 4; lastKnownFileType = sourcecode.c.h; path = SampleViewController.h; sourceTree = "<group>"; };
		2E4683D119DFE60D001ECA2E /* SampleViewController.m */ = {isa = PBXFileReference; fileEncoding = 4; lastKnownFileType = sourcecode.c.objc; path = SampleViewController.m; sourceTree = "<group>"; };
		2E4683D419DFEFD3001ECA2E /* UIViewController+NGModalPresentation.h */ = {isa = PBXFileReference; fileEncoding = 4; lastKnownFileType = sourcecode.c.h; path = "UIViewController+NGModalPresentation.h"; sourceTree = "<group>"; };
		2E4683D519DFEFD3001ECA2E /* UIViewController+NGModalPresentation.m */ = {isa = PBXFileReference; fileEncoding = 4; lastKnownFileType = sourcecode.c.objc; path = "UIViewController+NGModalPresentation.m"; sourceTree = "<group>"; };
		2E4683D719DFF197001ECA2E /* NGModalTransitioningDelegate.h */ = {isa = PBXFileReference; fileEncoding = 4; lastKnownFileType = sourcecode.c.h; path = NGModalTransitioningDelegate.h; sourceTree = "<group>"; };
		2E4683D819DFF197001ECA2E /* NGModalTransitioningDelegate.m */ = {isa = PBXFileReference; fileEncoding = 4; lastKnownFileType = sourcecode.c.objc; path = NGModalTransitioningDelegate.m; sourceTree = "<group>"; };
		2E4683DA19DFF39D001ECA2E /* NGModalAnimationController.h */ = {isa = PBXFileReference; fileEncoding = 4; lastKnownFileType = sourcecode.c.h; path = NGModalAnimationController.h; sourceTree = "<group>"; };
		2E4683DB19DFF39D001ECA2E /* NGModalAnimationController.m */ = {isa = PBXFileReference; fileEncoding = 4; lastKnownFileType = sourcecode.c.objc; path = NGModalAnimationController.m; sourceTree = "<group>"; };
/* End PBXFileReference section */

/* Begin PBXFrameworksBuildPhase section */
		2E4683A419DFE437001ECA2E /* Frameworks */ = {
			isa = PBXFrameworksBuildPhase;
			buildActionMask = 2147483647;
			files = (
			);
			runOnlyForDeploymentPostprocessing = 0;
		};
		2E4683BD19DFE437001ECA2E /* Frameworks */ = {
			isa = PBXFrameworksBuildPhase;
			buildActionMask = 2147483647;
			files = (
			);
			runOnlyForDeploymentPostprocessing = 0;
		};
/* End PBXFrameworksBuildPhase section */

/* Begin PBXGroup section */
		2E46839E19DFE437001ECA2E = {
			isa = PBXGroup;
			children = (
				2E4683A919DFE437001ECA2E /* ModalPresentation */,
				2E4683C319DFE437001ECA2E /* ModalPresentationTests */,
				2E4683A819DFE437001ECA2E /* Products */,
			);
			sourceTree = "<group>";
		};
		2E4683A819DFE437001ECA2E /* Products */ = {
			isa = PBXGroup;
			children = (
				2E4683A719DFE437001ECA2E /* ModalPresentation.app */,
				2E4683C019DFE437001ECA2E /* ModalPresentationTests.xctest */,
			);
			name = Products;
			sourceTree = "<group>";
		};
		2E4683A919DFE437001ECA2E /* ModalPresentation */ = {
			isa = PBXGroup;
			children = (
				2E4683AE19DFE437001ECA2E /* AppDelegate.h */,
				2E4683AF19DFE437001ECA2E /* AppDelegate.m */,
				2E4683B119DFE437001ECA2E /* ViewController.h */,
				2E4683B219DFE437001ECA2E /* ViewController.m */,
				2E4683B419DFE437001ECA2E /* Main.storyboard */,
				2E4683B719DFE437001ECA2E /* Images.xcassets */,
				2E4683B919DFE437001ECA2E /* LaunchScreen.xib */,
				2E4683AA19DFE437001ECA2E /* Supporting Files */,
				2E4683D019DFE60D001ECA2E /* SampleViewController.h */,
				2E4683D119DFE60D001ECA2E /* SampleViewController.m */,
				2E4683D319DFEF2F001ECA2E /* Custom Modal Presentation */,
			);
			path = ModalPresentation;
			sourceTree = "<group>";
		};
		2E4683AA19DFE437001ECA2E /* Supporting Files */ = {
			isa = PBXGroup;
			children = (
				2E4683AB19DFE437001ECA2E /* Info.plist */,
				2E4683AC19DFE437001ECA2E /* main.m */,
			);
			name = "Supporting Files";
			sourceTree = "<group>";
		};
		2E4683C319DFE437001ECA2E /* ModalPresentationTests */ = {
			isa = PBXGroup;
			children = (
				2E4683C619DFE438001ECA2E /* ModalPresentationTests.m */,
				2E4683C419DFE437001ECA2E /* Supporting Files */,
			);
			path = ModalPresentationTests;
			sourceTree = "<group>";
		};
		2E4683C419DFE437001ECA2E /* Supporting Files */ = {
			isa = PBXGroup;
			children = (
				2E4683C519DFE438001ECA2E /* Info.plist */,
			);
			name = "Supporting Files";
			sourceTree = "<group>";
		};
		2E4683D319DFEF2F001ECA2E /* Custom Modal Presentation */ = {
			isa = PBXGroup;
			children = (
				2E4683D419DFEFD3001ECA2E /* UIViewController+NGModalPresentation.h */,
				2E4683D519DFEFD3001ECA2E /* UIViewController+NGModalPresentation.m */,
				2E4683D719DFF197001ECA2E /* NGModalTransitioningDelegate.h */,
				2E4683D819DFF197001ECA2E /* NGModalTransitioningDelegate.m */,
				2E4683DA19DFF39D001ECA2E /* NGModalAnimationController.h */,
				2E4683DB19DFF39D001ECA2E /* NGModalAnimationController.m */,
			);
			path = "Custom Modal Presentation";
			sourceTree = "<group>";
		};
/* End PBXGroup section */

/* Begin PBXNativeTarget section */
		2E4683A619DFE437001ECA2E /* ModalPresentation */ = {
			isa = PBXNativeTarget;
			buildConfigurationList = 2E4683CA19DFE438001ECA2E /* Build configuration list for PBXNativeTarget "ModalPresentation" */;
			buildPhases = (
				2E4683A319DFE437001ECA2E /* Sources */,
				2E4683A419DFE437001ECA2E /* Frameworks */,
				2E4683A519DFE437001ECA2E /* Resources */,
			);
			buildRules = (
			);
			dependencies = (
			);
			name = ModalPresentation;
			productName = ModalPresentation;
			productReference = 2E4683A719DFE437001ECA2E /* ModalPresentation.app */;
			productType = "com.apple.product-type.application";
		};
		2E4683BF19DFE437001ECA2E /* ModalPresentationTests */ = {
			isa = PBXNativeTarget;
			buildConfigurationList = 2E4683CD19DFE438001ECA2E /* Build configuration list for PBXNativeTarget "ModalPresentationTests" */;
			buildPhases = (
				2E4683BC19DFE437001ECA2E /* Sources */,
				2E4683BD19DFE437001ECA2E /* Frameworks */,
				2E4683BE19DFE437001ECA2E /* Resources */,
			);
			buildRules = (
			);
			dependencies = (
				2E4683C219DFE437001ECA2E /* PBXTargetDependency */,
			);
			name = ModalPresentationTests;
			productName = ModalPresentationTests;
			productReference = 2E4683C019DFE437001ECA2E /* ModalPresentationTests.xctest */;
			productType = "com.apple.product-type.bundle.unit-test";
		};
/* End PBXNativeTarget section */

/* Begin PBXProject section */
		2E46839F19DFE437001ECA2E /* Project object */ = {
			isa = PBXProject;
			attributes = {
				LastUpgradeCheck = 0600;
				TargetAttributes = {
					2E4683A619DFE437001ECA2E = {
						CreatedOnToolsVersion = 6.0.1;
					};
					2E4683BF19DFE437001ECA2E = {
						CreatedOnToolsVersion = 6.0.1;
						TestTargetID = 2E4683A619DFE437001ECA2E;
					};
				};
			};
			buildConfigurationList = 2E4683A219DFE437001ECA2E /* Build configuration list for PBXProject "ModalPresentation" */;
			compatibilityVersion = "Xcode 3.2";
			developmentRegion = English;
			hasScannedForEncodings = 0;
			knownRegions = (
				en,
				Base,
			);
			mainGroup = 2E46839E19DFE437001ECA2E;
			productRefGroup = 2E4683A819DFE437001ECA2E /* Products */;
			projectDirPath = "";
			projectRoot = "";
			targets = (
				2E4683A619DFE437001ECA2E /* ModalPresentation */,
				2E4683BF19DFE437001ECA2E /* ModalPresentationTests */,
			);
		};
/* End PBXProject section */

/* Begin PBXResourcesBuildPhase section */
		2E4683A519DFE437001ECA2E /* Resources */ = {
			isa = PBXResourcesBuildPhase;
			buildActionMask = 2147483647;
			files = (
				2E4683B619DFE437001ECA2E /* Main.storyboard in Resources */,
				2E4683BB19DFE437001ECA2E /* LaunchScreen.xib in Resources */,
				2E4683B819DFE437001ECA2E /* Images.xcassets in Resources */,
			);
			runOnlyForDeploymentPostprocessing = 0;
		};
		2E4683BE19DFE437001ECA2E /* Resources */ = {
			isa = PBXResourcesBuildPhase;
			buildActionMask = 2147483647;
			files = (
			);
			runOnlyForDeploymentPostprocessing = 0;
		};
/* End PBXResourcesBuildPhase section */

/* Begin PBXSourcesBuildPhase section */
		2E4683A319DFE437001ECA2E /* Sources */ = {
			isa = PBXSourcesBuildPhase;
			buildActionMask = 2147483647;
			files = (
				2E4683D619DFEFD3001ECA2E /* UIViewController+NGModalPresentation.m in Sources */,
				2E4683B319DFE437001ECA2E /* ViewController.m in Sources */,
				2E4683B019DFE437001ECA2E /* AppDelegate.m in Sources */,
				2E4683D919DFF197001ECA2E /* NGModalTransitioningDelegate.m in Sources */,
				2E4683D219DFE60D001ECA2E /* SampleViewController.m in Sources */,
				2E4683AD19DFE437001ECA2E /* main.m in Sources */,
				2E4683DC19DFF39D001ECA2E /* NGModalAnimationController.m in Sources */,
			);
			runOnlyForDeploymentPostprocessing = 0;
		};
		2E4683BC19DFE437001ECA2E /* Sources */ = {
			isa = PBXSourcesBuildPhase;
			buildActionMask = 2147483647;
			files = (
				2E4683C719DFE438001ECA2E /* ModalPresentationTests.m in Sources */,
			);
			runOnlyForDeploymentPostprocessing = 0;
		};
/* End PBXSourcesBuildPhase section */

/* Begin PBXTargetDependency section */
		2E4683C219DFE437001ECA2E /* PBXTargetDependency */ = {
			isa = PBXTargetDependency;
			target = 2E4683A619DFE437001ECA2E /* ModalPresentation */;
			targetProxy = 2E4683C119DFE437001ECA2E /* PBXContainerItemProxy */;
		};
/* End PBXTargetDependency section */

/* Begin PBXVariantGroup section */
		2E4683B419DFE437001ECA2E /* Main.storyboard */ = {
			isa = PBXVariantGroup;
			children = (
				2E4683B519DFE437001ECA2E /* Base */,
			);
			name = Main.storyboard;
			sourceTree = "<group>";
		};
		2E4683B919DFE437001ECA2E /* LaunchScreen.xib */ = {
			isa = PBXVariantGroup;
			children = (
				2E4683BA19DFE437001ECA2E /* Base */,
			);
			name = LaunchScreen.xib;
			sourceTree = "<group>";
		};
/* End PBXVariantGroup section */

/* Begin XCBuildConfiguration section */
		2E4683C819DFE438001ECA2E /* Debug */ = {
			isa = XCBuildConfiguration;
			buildSettings = {
				ALWAYS_SEARCH_USER_PATHS = NO;
				CLANG_CXX_LANGUAGE_STANDARD = "gnu++0x";
				CLANG_CXX_LIBRARY = "libc++";
				CLANG_ENABLE_MODULES = YES;
				CLANG_ENABLE_OBJC_ARC = YES;
				CLANG_WARN_BOOL_CONVERSION = YES;
				CLANG_WARN_CONSTANT_CONVERSION = YES;
				CLANG_WARN_DIRECT_OBJC_ISA_USAGE = YES_ERROR;
				CLANG_WARN_EMPTY_BODY = YES;
				CLANG_WARN_ENUM_CONVERSION = YES;
				CLANG_WARN_INT_CONVERSION = YES;
				CLANG_WARN_OBJC_ROOT_CLASS = YES_ERROR;
				CLANG_WARN_UNREACHABLE_CODE = YES;
				CLANG_WARN__DUPLICATE_METHOD_MATCH = YES;
				"CODE_SIGN_IDENTITY[sdk=iphoneos*]" = "iPhone Developer";
				COPY_PHASE_STRIP = NO;
				ENABLE_STRICT_OBJC_MSGSEND = YES;
				GCC_C_LANGUAGE_STANDARD = gnu99;
				GCC_DYNAMIC_NO_PIC = NO;
				GCC_OPTIMIZATION_LEVEL = 0;
				GCC_PREPROCESSOR_DEFINITIONS = (
					"DEBUG=1",
					"$(inherited)",
				);
				GCC_SYMBOLS_PRIVATE_EXTERN = NO;
				GCC_WARN_64_TO_32_BIT_CONVERSION = YES;
				GCC_WARN_ABOUT_RETURN_TYPE = YES_ERROR;
				GCC_WARN_UNDECLARED_SELECTOR = YES;
				GCC_WARN_UNINITIALIZED_AUTOS = YES_AGGRESSIVE;
				GCC_WARN_UNUSED_FUNCTION = YES;
				GCC_WARN_UNUSED_VARIABLE = YES;
				IPHONEOS_DEPLOYMENT_TARGET = 8.0;
				MTL_ENABLE_DEBUG_INFO = YES;
				ONLY_ACTIVE_ARCH = YES;
				SDKROOT = iphoneos;
			};
			name = Debug;
		};
		2E4683C919DFE438001ECA2E /* Release */ = {
			isa = XCBuildConfiguration;
			buildSettings = {
				ALWAYS_SEARCH_USER_PATHS = NO;
				CLANG_CXX_LANGUAGE_STANDARD = "gnu++0x";
				CLANG_CXX_LIBRARY = "libc++";
				CLANG_ENABLE_MODULES = YES;
				CLANG_ENABLE_OBJC_ARC = YES;
				CLANG_WARN_BOOL_CONVERSION = YES;
				CLANG_WARN_CONSTANT_CONVERSION = YES;
				CLANG_WARN_DIRECT_OBJC_ISA_USAGE = YES_ERROR;
				CLANG_WARN_EMPTY_BODY = YES;
				CLANG_WARN_ENUM_CONVERSION = YES;
				CLANG_WARN_INT_CONVERSION = YES;
				CLANG_WARN_OBJC_ROOT_CLASS = YES_ERROR;
				CLANG_WARN_UNREACHABLE_CODE = YES;
				CLANG_WARN__DUPLICATE_METHOD_MATCH = YES;
				"CODE_SIGN_IDENTITY[sdk=iphoneos*]" = "iPhone Developer";
				COPY_PHASE_STRIP = YES;
				ENABLE_NS_ASSERTIONS = NO;
				ENABLE_STRICT_OBJC_MSGSEND = YES;
				GCC_C_LANGUAGE_STANDARD = gnu99;
				GCC_WARN_64_TO_32_BIT_CONVERSION = YES;
				GCC_WARN_ABOUT_RETURN_TYPE = YES_ERROR;
				GCC_WARN_UNDECLARED_SELECTOR = YES;
				GCC_WARN_UNINITIALIZED_AUTOS = YES_AGGRESSIVE;
				GCC_WARN_UNUSED_FUNCTION = YES;
				GCC_WARN_UNUSED_VARIABLE = YES;
				IPHONEOS_DEPLOYMENT_TARGET = 8.0;
				MTL_ENABLE_DEBUG_INFO = NO;
				SDKROOT = iphoneos;
				VALIDATE_PRODUCT = YES;
			};
			name = Release;
		};
		2E4683CB19DFE438001ECA2E /* Debug */ = {
			isa = XCBuildConfiguration;
			buildSettings = {
				ASSETCATALOG_COMPILER_APPICON_NAME = AppIcon;
				INFOPLIST_FILE = ModalPresentation/Info.plist;
				IPHONEOS_DEPLOYMENT_TARGET = 7.0;
				LD_RUNPATH_SEARCH_PATHS = "$(inherited) @executable_path/Frameworks";
				PRODUCT_NAME = "$(TARGET_NAME)";
				TARGETED_DEVICE_FAMILY = 2;
			};
			name = Debug;
		};
		2E4683CC19DFE438001ECA2E /* Release */ = {
			isa = XCBuildConfiguration;
			buildSettings = {
				ASSETCATALOG_COMPILER_APPICON_NAME = AppIcon;
				INFOPLIST_FILE = ModalPresentation/Info.plist;
				IPHONEOS_DEPLOYMENT_TARGET = 7.0;
				LD_RUNPATH_SEARCH_PATHS = "$(inherited) @executable_path/Frameworks";
				PRODUCT_NAME = "$(TARGET_NAME)";
				TARGETED_DEVICE_FAMILY = 2;
			};
			name = Release;
		};
		2E4683CE19DFE438001ECA2E /* Debug */ = {
			isa = XCBuildConfiguration;
			buildSettings = {
				BUNDLE_LOADER = "$(TEST_HOST)";
				FRAMEWORK_SEARCH_PATHS = (
					"$(SDKROOT)/Developer/Library/Frameworks",
					"$(inherited)",
				);
				GCC_PREPROCESSOR_DEFINITIONS = (
					"DEBUG=1",
					"$(inherited)",
				);
				INFOPLIST_FILE = ModalPresentationTests/Info.plist;
				LD_RUNPATH_SEARCH_PATHS = "$(inherited) @executable_path/Frameworks @loader_path/Frameworks";
				PRODUCT_NAME = "$(TARGET_NAME)";
				TEST_HOST = "$(BUILT_PRODUCTS_DIR)/ModalPresentation.app/ModalPresentation";
			};
			name = Debug;
		};
		2E4683CF19DFE438001ECA2E /* Release */ = {
			isa = XCBuildConfiguration;
			buildSettings = {
				BUNDLE_LOADER = "$(TEST_HOST)";
				FRAMEWORK_SEARCH_PATHS = (
					"$(SDKROOT)/Developer/Library/Frameworks",
					"$(inherited)",
				);
				INFOPLIST_FILE = ModalPresentationTests/Info.plist;
				LD_RUNPATH_SEARCH_PATHS = "$(inherited) @executable_path/Frameworks @loader_path/Frameworks";
				PRODUCT_NAME = "$(TARGET_NAME)";
				TEST_HOST = "$(BUILT_PRODUCTS_DIR)/ModalPresentation.app/ModalPresentation";
			};
			name = Release;
		};
/* End XCBuildConfiguration section */

/* Begin XCConfigurationList section */
		2E4683A219DFE437001ECA2E /* Build configuration list for PBXProject "ModalPresentation" */ = {
			isa = XCConfigurationList;
			buildConfigurations = (
				2E4683C819DFE438001ECA2E /* Debug */,
				2E4683C919DFE438001ECA2E /* Release */,
			);
			defaultConfigurationIsVisible = 0;
			defaultConfigurationName = Release;
		};
		2E4683CA19DFE438001ECA2E /* Build configuration list for PBXNativeTarget "ModalPresentation" */ = {
			isa = XCConfigurationList;
			buildConfigurations = (
				2E4683CB19DFE438001ECA2E /* Debug */,
				2E4683CC19DFE438001ECA2E /* Release */,
			);
			defaultConfigurationIsVisible = 0;
		};
		2E4683CD19DFE438001ECA2E /* Build configuration list for PBXNativeTarget "ModalPresentationTests" */ = {
			isa = XCConfigurationList;
			buildConfigurations = (
				2E4683CE19DFE438001ECA2E /* Debug */,
				2E4683CF19DFE438001ECA2E /* Release */,
			);
			defaultConfigurationIsVisible = 0;
		};
/* End XCConfigurationList section */
	};
	rootObject = 2E46839F19DFE437001ECA2E /* Project object */;
}
